
Microsoft Visual Studio Solution File, Format Version 12.00
# Visual Studio 2013
VisualStudioVersion = 12.0.40629.0
MinimumVisualStudioVersion = 10.0.40219.1
Project("{FAE04EC0-301F-11D3-BF4B-00C04F79EFBC}") = "IGVirtualReceptionist", "IGVirtualReceptionist\IGVirtualReceptionist.csproj", "{BEA98352-E72C-4950-A88C-1027500E0B6E}"
EndProject
Project("{2150E333-8FDC-42A3-9474-1A3956D46DE8}") = ".nuget", ".nuget", "{0F4AFD2F-94AC-45FB-A894-2E35BA9E0AED}"
	ProjectSection(SolutionItems) = preProject
		.nuget\NuGet.Config = .nuget\NuGet.Config
		.nuget\NuGet.exe = .nuget\NuGet.exe
		.nuget\NuGet.targets = .nuget\NuGet.targets
	EndProjectSection
EndProject
Project("{FAE04EC0-301F-11D3-BF4B-00C04F79EFBC}") = "IGVirtualReceptionist.Communication", "IGVirtualReceptionist.Communication\IGVirtualReceptionist.Communication.csproj", "{D98D5D76-FBCE-45DF-81AA-F3685BBEF3A0}"
EndProject
Global
	GlobalSection(TeamFoundationVersionControl) = preSolution
		SccNumberOfProjects = 3
		SccEnterpriseProvider = {4CA58AB2-18FA-4F8D-95D4-32DDF27D184C}
		SccTeamFoundationServer = http://tfs.infragistics.local:8080/tfs/engineering
		SccLocalPath0 = .
		SccProjectUniqueName1 = IGVirtualReceptionist\\IGVirtualReceptionist.csproj
		SccProjectName1 = IGVirtualReceptionist
		SccLocalPath1 = IGVirtualReceptionist
		SccProjectUniqueName2 = IGVirtualReceptionist.Communication\\IGVirtualReceptionist.Communication.csproj
		SccProjectName2 = IGVirtualReceptionist.Communication
		SccLocalPath2 = IGVirtualReceptionist.Communication
	EndGlobalSection
	GlobalSection(SolutionConfigurationPlatforms) = preSolution
		Debug|Any CPU = Debug|Any CPU
		Release|Any CPU = Release|Any CPU
	EndGlobalSection
	GlobalSection(ProjectConfigurationPlatforms) = postSolution
		{BEA98352-E72C-4950-A88C-1027500E0B6E}.Debug|Any CPU.ActiveCfg = Debug|Any CPU
		{BEA98352-E72C-4950-A88C-1027500E0B6E}.Debug|Any CPU.Build.0 = Debug|Any CPU
		{BEA98352-E72C-4950-A88C-1027500E0B6E}.Release|Any CPU.ActiveCfg = Release|Any CPU
		{BEA98352-E72C-4950-A88C-1027500E0B6E}.Release|Any CPU.Build.0 = Release|Any CPU
		{D98D5D76-FBCE-45DF-81AA-F3685BBEF3A0}.Debug|Any CPU.ActiveCfg = Debug|Any CPU
		{D98D5D76-FBCE-45DF-81AA-F3685BBEF3A0}.Debug|Any CPU.Build.0 = Debug|Any CPU
		{D98D5D76-FBCE-45DF-81AA-F3685BBEF3A0}.Release|Any CPU.ActiveCfg = Release|Any CPU
		{D98D5D76-FBCE-45DF-81AA-F3685BBEF3A0}.Release|Any CPU.Build.0 = Release|Any CPU
	EndGlobalSection
	GlobalSection(SolutionProperties) = preSolution
		HideSolutionNode = FALSE
	EndGlobalSection
EndGlobal
